
Microsoft Visual Studio Solution File, Format Version 12.00
# Visual Studio Version 16
VisualStudioVersion = 16.0.32126.315
MinimumVisualStudioVersion = 10.0.40219.1
Project("{FAE04EC0-301F-11D3-BF4B-00C04F79EFBC}") = "SEDC.Templates.Class01.App", "SEDC.Templates.Class01.App\SEDC.Templates.Class01.App.csproj", "{908B5EFF-CA29-429E-8001-C08818228AEA}"
EndProject
Project("{FAE04EC0-301F-11D3-BF4B-00C04F79EFBC}") = "SEDC.Templates", "SEDC.Templates\SEDC.Templates.csproj", "{39CD6D52-4FC1-4089-9EAB-EF4596C773C4}"
EndProject
Global
	GlobalSection(SolutionConfigurationPlatforms) = preSolution
		Debug|Any CPU = Debug|Any CPU
		Release|Any CPU = Release|Any CPU
	EndGlobalSection
	GlobalSection(ProjectConfigurationPlatforms) = postSolution
		{908B5EFF-CA29-429E-8001-C08818228AEA}.Debug|Any CPU.ActiveCfg = Debug|Any CPU
		{908B5EFF-CA29-429E-8001-C08818228AEA}.Debug|Any CPU.Build.0 = Debug|Any CPU
		{908B5EFF-CA29-429E-8001-C08818228AEA}.Release|Any CPU.ActiveCfg = Release|Any CPU
		{908B5EFF-CA29-429E-8001-C08818228AEA}.Release|Any CPU.Build.0 = Release|Any CPU
		{39CD6D52-4FC1-4089-9EAB-EF4596C773C4}.Debug|Any CPU.ActiveCfg = Debug|Any CPU
		{39CD6D52-4FC1-4089-9EAB-EF4596C773C4}.Debug|Any CPU.Build.0 = Debug|Any CPU
		{39CD6D52-4FC1-4089-9EAB-EF4596C773C4}.Release|Any CPU.ActiveCfg = Release|Any CPU
		{39CD6D52-4FC1-4089-9EAB-EF4596C773C4}.Release|Any CPU.Build.0 = Release|Any CPU
	EndGlobalSection
	GlobalSection(SolutionProperties) = preSolution
		HideSolutionNode = FALSE
	EndGlobalSection
	GlobalSection(ExtensibilityGlobals) = postSolution
		SolutionGuid = {896BD706-9DF4-4934-A191-52ABD6DA79B2}
	EndGlobalSection
EndGlobal
