
Microsoft Visual Studio Solution File, Format Version 12.00
# Visual Studio Version 16
VisualStudioVersion = 16.0.32126.315
MinimumVisualStudioVersion = 10.0.40219.1
Project("{FAE04EC0-301F-11D3-BF4B-00C04F79EFBC}") = "SEDC.OOP.Class02.Variables", "SEDC.OOP.Class02.Variables\SEDC.OOP.Class02.Variables.csproj", "{91D736AE-126C-40EA-97ED-13912B0048F2}"
EndProject
Global
	GlobalSection(SolutionConfigurationPlatforms) = preSolution
		Debug|Any CPU = Debug|Any CPU
		Release|Any CPU = Release|Any CPU
	EndGlobalSection
	GlobalSection(ProjectConfigurationPlatforms) = postSolution
		{91D736AE-126C-40EA-97ED-13912B0048F2}.Debug|Any CPU.ActiveCfg = Debug|Any CPU
		{91D736AE-126C-40EA-97ED-13912B0048F2}.Debug|Any CPU.Build.0 = Debug|Any CPU
		{91D736AE-126C-40EA-97ED-13912B0048F2}.Release|Any CPU.ActiveCfg = Release|Any CPU
		{91D736AE-126C-40EA-97ED-13912B0048F2}.Release|Any CPU.Build.0 = Release|Any CPU
	EndGlobalSection
	GlobalSection(SolutionProperties) = preSolution
		HideSolutionNode = FALSE
	EndGlobalSection
	GlobalSection(ExtensibilityGlobals) = postSolution
		SolutionGuid = {A9437045-2F43-4A6E-B847-0A34CEA39EBD}
	EndGlobalSection
EndGlobal
