
Microsoft Visual Studio Solution File, Format Version 12.00
# Visual Studio Version 16
VisualStudioVersion = 16.0.32126.315
MinimumVisualStudioVersion = 10.0.40219.1
Project("{FAE04EC0-301F-11D3-BF4B-00C04F79EFBC}") = "SEDC.Temp.Class03.Loops", "SEDC.Temp.Class03.Loops\SEDC.Temp.Class03.Loops.csproj", "{C604AC14-D196-48AF-9E0E-B5EE0012B60F}"
EndProject
Project("{FAE04EC0-301F-11D3-BF4B-00C04F79EFBC}") = "SECD.Oop.Class03.Exercises", "SECD.Oop.Class03.Exercises\SECD.Oop.Class03.Exercises.csproj", "{6521D21C-CF55-4F54-940E-8C24CEF28603}"
EndProject
Project("{FAE04EC0-301F-11D3-BF4B-00C04F79EFBC}") = "SEDC.Oop.arrays", "SEDC.Oop.arrays\SEDC.Oop.arrays.csproj", "{DC7D479F-FF2E-46A5-8A73-8845F0704619}"
EndProject
Global
	GlobalSection(SolutionConfigurationPlatforms) = preSolution
		Debug|Any CPU = Debug|Any CPU
		Release|Any CPU = Release|Any CPU
	EndGlobalSection
	GlobalSection(ProjectConfigurationPlatforms) = postSolution
		{C604AC14-D196-48AF-9E0E-B5EE0012B60F}.Debug|Any CPU.ActiveCfg = Debug|Any CPU
		{C604AC14-D196-48AF-9E0E-B5EE0012B60F}.Debug|Any CPU.Build.0 = Debug|Any CPU
		{C604AC14-D196-48AF-9E0E-B5EE0012B60F}.Release|Any CPU.ActiveCfg = Release|Any CPU
		{C604AC14-D196-48AF-9E0E-B5EE0012B60F}.Release|Any CPU.Build.0 = Release|Any CPU
		{6521D21C-CF55-4F54-940E-8C24CEF28603}.Debug|Any CPU.ActiveCfg = Debug|Any CPU
		{6521D21C-CF55-4F54-940E-8C24CEF28603}.Debug|Any CPU.Build.0 = Debug|Any CPU
		{6521D21C-CF55-4F54-940E-8C24CEF28603}.Release|Any CPU.ActiveCfg = Release|Any CPU
		{6521D21C-CF55-4F54-940E-8C24CEF28603}.Release|Any CPU.Build.0 = Release|Any CPU
		{DC7D479F-FF2E-46A5-8A73-8845F0704619}.Debug|Any CPU.ActiveCfg = Debug|Any CPU
		{DC7D479F-FF2E-46A5-8A73-8845F0704619}.Debug|Any CPU.Build.0 = Debug|Any CPU
		{DC7D479F-FF2E-46A5-8A73-8845F0704619}.Release|Any CPU.ActiveCfg = Release|Any CPU
		{DC7D479F-FF2E-46A5-8A73-8845F0704619}.Release|Any CPU.Build.0 = Release|Any CPU
	EndGlobalSection
	GlobalSection(SolutionProperties) = preSolution
		HideSolutionNode = FALSE
	EndGlobalSection
	GlobalSection(ExtensibilityGlobals) = postSolution
		SolutionGuid = {9814E9EC-744B-4B00-A60E-1820F0974695}
	EndGlobalSection
EndGlobal
